
Microsoft Visual Studio Solution File, Format Version 12.00
# Visual Studio Version 16
VisualStudioVersion = 16.0.30717.126
MinimumVisualStudioVersion = 10.0.40219.1
Project("{FAE04EC0-301F-11D3-BF4B-00C04F79EFBC}") = "DrinkingWebsite", "DrinkingWebsite\DrinkingWebsite.csproj", "{43C7DA34-CD6F-4FF5-857C-4839C70D8EA3}"
EndProject
Global
	GlobalSection(SolutionConfigurationPlatforms) = preSolution
		Debug|Any CPU = Debug|Any CPU
		Release|Any CPU = Release|Any CPU
	EndGlobalSection
	GlobalSection(ProjectConfigurationPlatforms) = postSolution
		{43C7DA34-CD6F-4FF5-857C-4839C70D8EA3}.Debug|Any CPU.ActiveCfg = Debug|Any CPU
		{43C7DA34-CD6F-4FF5-857C-4839C70D8EA3}.Debug|Any CPU.Build.0 = Debug|Any CPU
		{43C7DA34-CD6F-4FF5-857C-4839C70D8EA3}.Release|Any CPU.ActiveCfg = Release|Any CPU
		{43C7DA34-CD6F-4FF5-857C-4839C70D8EA3}.Release|Any CPU.Build.0 = Release|Any CPU
	EndGlobalSection
	GlobalSection(SolutionProperties) = preSolution
		HideSolutionNode = FALSE
	EndGlobalSection
	GlobalSection(ExtensibilityGlobals) = postSolution
		SolutionGuid = {BD4CFCD9-C531-41F3-987A-D80E2223705F}
	EndGlobalSection
EndGlobal
